{
  "requires": true,
  "lockfileVersion": 1,
  "dependencies": {
    "nouislider": {
      "version": "14.4.0",
      "resolved": "https://registry.npmjs.org/nouislider/-/nouislider-14.4.0.tgz",
      "integrity": "sha512-D1aYsT73yWrSNcRfqcovE//htpfFqQwd+m+9UCIVSsRupwD7kodSj6j/DTJur5mqnv5HckSJvjHekyVZKLi6dA=="
    }
  }
}
